
Microsoft Visual Studio Solution File, Format Version 12.00
# Visual Studio 15
Project("{FAE04EC0-301F-11D3-BF4B-00C04F79EFBC}") = "geom-tuple", "geom-tuple.csproj", "{88C6A755-2760-4706-9440-D7A9A08B2852}"
EndProject
Global
	GlobalSection(SolutionConfigurationPlatforms) = preSolution
		Debug|Any CPU = Debug|Any CPU
		Release|Any CPU = Release|Any CPU
	EndGlobalSection
	GlobalSection(ProjectConfigurationPlatforms) = postSolution
		{88C6A755-2760-4706-9440-D7A9A08B2852}.Debug|Any CPU.ActiveCfg = Debug|Any CPU
		{88C6A755-2760-4706-9440-D7A9A08B2852}.Debug|Any CPU.Build.0 = Debug|Any CPU
		{88C6A755-2760-4706-9440-D7A9A08B2852}.Release|Any CPU.ActiveCfg = Release|Any CPU
		{88C6A755-2760-4706-9440-D7A9A08B2852}.Release|Any CPU.Build.0 = Release|Any CPU
	EndGlobalSection
EndGlobal
